
Microsoft Visual Studio Solution File, Format Version 12.00
# Visual Studio Version 16
VisualStudioVersion = 16.0.30011.22
MinimumVisualStudioVersion = 10.0.40219.1
Project("{FAE04EC0-301F-11D3-BF4B-00C04F79EFBC}") = "Portfolio", "Portfolio.csproj", "{CBB900D7-EBAC-4907-9091-77A8BA94EF89}"
EndProject
Global
	GlobalSection(SolutionConfigurationPlatforms) = preSolution
		Debug|Any CPU = Debug|Any CPU
		Release|Any CPU = Release|Any CPU
	EndGlobalSection
	GlobalSection(ProjectConfigurationPlatforms) = postSolution
		{CBB900D7-EBAC-4907-9091-77A8BA94EF89}.Debug|Any CPU.ActiveCfg = Debug|Any CPU
		{CBB900D7-EBAC-4907-9091-77A8BA94EF89}.Debug|Any CPU.Build.0 = Debug|Any CPU
		{CBB900D7-EBAC-4907-9091-77A8BA94EF89}.Release|Any CPU.ActiveCfg = Release|Any CPU
		{CBB900D7-EBAC-4907-9091-77A8BA94EF89}.Release|Any CPU.Build.0 = Release|Any CPU
	EndGlobalSection
	GlobalSection(SolutionProperties) = preSolution
		HideSolutionNode = FALSE
	EndGlobalSection
	GlobalSection(ExtensibilityGlobals) = postSolution
		SolutionGuid = {6AA6D2AE-643C-433D-B3E7-018F075BD2EC}
	EndGlobalSection
EndGlobal
